
Microsoft Visual Studio Solution File, Format Version 12.00
# Visual Studio 14
VisualStudioVersion = 14.0.25123.0
MinimumVisualStudioVersion = 10.0.40219.1
Project("{FAE04EC0-301F-11D3-BF4B-00C04F79EFBC}") = "Time Table Arranging Program", "Time Table Arranging Program\Time Table Arranging Program.csproj", "{D6C8D9C2-2EF5-4BC4-828C-5CE2A369A316}"
EndProject
Project("{FAE04EC0-301F-11D3-BF4B-00C04F79EFBC}") = "NUnit.Tests2", "NUnit.Tests2\NUnit.Tests2.csproj", "{8EDF4429-251A-416D-BB68-93F227191BCF}"
EndProject
Global
	GlobalSection(SolutionConfigurationPlatforms) = preSolution
		Debug|Any CPU = Debug|Any CPU
		Debug|x64 = Debug|x64
		Release|Any CPU = Release|Any CPU
		Release|x64 = Release|x64
	EndGlobalSection
	GlobalSection(ProjectConfigurationPlatforms) = postSolution
		{D6C8D9C2-2EF5-4BC4-828C-5CE2A369A316}.Debug|Any CPU.ActiveCfg = Debug|Any CPU
		{D6C8D9C2-2EF5-4BC4-828C-5CE2A369A316}.Debug|Any CPU.Build.0 = Debug|Any CPU
		{D6C8D9C2-2EF5-4BC4-828C-5CE2A369A316}.Debug|x64.ActiveCfg = Debug|Any CPU
		{D6C8D9C2-2EF5-4BC4-828C-5CE2A369A316}.Debug|x64.Build.0 = Debug|Any CPU
		{D6C8D9C2-2EF5-4BC4-828C-5CE2A369A316}.Release|Any CPU.ActiveCfg = Release|Any CPU
		{D6C8D9C2-2EF5-4BC4-828C-5CE2A369A316}.Release|Any CPU.Build.0 = Release|Any CPU
		{D6C8D9C2-2EF5-4BC4-828C-5CE2A369A316}.Release|x64.ActiveCfg = Release|Any CPU
		{D6C8D9C2-2EF5-4BC4-828C-5CE2A369A316}.Release|x64.Build.0 = Release|Any CPU
		{8EDF4429-251A-416D-BB68-93F227191BCF}.Debug|Any CPU.ActiveCfg = Debug|Any CPU
		{8EDF4429-251A-416D-BB68-93F227191BCF}.Debug|Any CPU.Build.0 = Debug|Any CPU
		{8EDF4429-251A-416D-BB68-93F227191BCF}.Debug|x64.ActiveCfg = Debug|Any CPU
		{8EDF4429-251A-416D-BB68-93F227191BCF}.Debug|x64.Build.0 = Debug|Any CPU
		{8EDF4429-251A-416D-BB68-93F227191BCF}.Release|Any CPU.ActiveCfg = Release|Any CPU
		{8EDF4429-251A-416D-BB68-93F227191BCF}.Release|Any CPU.Build.0 = Release|Any CPU
		{8EDF4429-251A-416D-BB68-93F227191BCF}.Release|x64.ActiveCfg = Release|Any CPU
		{8EDF4429-251A-416D-BB68-93F227191BCF}.Release|x64.Build.0 = Release|Any CPU
	EndGlobalSection
	GlobalSection(SolutionProperties) = preSolution
		HideSolutionNode = FALSE
	EndGlobalSection
EndGlobal
